
Microsoft Visual Studio Solution File, Format Version 12.00
Project("{FAE04EC0-301F-11D3-BF4B-00C04F79EFBC}") = "DrawingApp", "DrawingApp\DrawingApp.csproj", "{E13E3868-DE58-4617-9E51-5DCB9B9D666C}"
EndProject
Global
	GlobalSection(SolutionConfigurationPlatforms) = preSolution
		Debug|Any CPU = Debug|Any CPU
		Release|Any CPU = Release|Any CPU
	EndGlobalSection
	GlobalSection(ProjectConfigurationPlatforms) = postSolution
		{E13E3868-DE58-4617-9E51-5DCB9B9D666C}.Debug|Any CPU.ActiveCfg = Debug|Any CPU
		{E13E3868-DE58-4617-9E51-5DCB9B9D666C}.Debug|Any CPU.Build.0 = Debug|Any CPU
		{E13E3868-DE58-4617-9E51-5DCB9B9D666C}.Release|Any CPU.ActiveCfg = Release|Any CPU
		{E13E3868-DE58-4617-9E51-5DCB9B9D666C}.Release|Any CPU.Build.0 = Release|Any CPU
	EndGlobalSection
EndGlobal
